
Microsoft Visual Studio Solution File, Format Version 12.00
# Visual Studio Version 17
VisualStudioVersion = 17.8.34330.188
MinimumVisualStudioVersion = 10.0.40219.1
Project("{FAE04EC0-301F-11D3-BF4B-00C04F79EFBC}") = "Patterns_lab_2", "Patterns_lab_2\Patterns_lab_2.csproj", "{CEB45D77-8C50-41F8-8BEB-15E768B64114}"
EndProject
Global
	GlobalSection(SolutionConfigurationPlatforms) = preSolution
		Debug|Any CPU = Debug|Any CPU
		Release|Any CPU = Release|Any CPU
	EndGlobalSection
	GlobalSection(ProjectConfigurationPlatforms) = postSolution
		{CEB45D77-8C50-41F8-8BEB-15E768B64114}.Debug|Any CPU.ActiveCfg = Debug|Any CPU
		{CEB45D77-8C50-41F8-8BEB-15E768B64114}.Debug|Any CPU.Build.0 = Debug|Any CPU
		{CEB45D77-8C50-41F8-8BEB-15E768B64114}.Release|Any CPU.ActiveCfg = Release|Any CPU
		{CEB45D77-8C50-41F8-8BEB-15E768B64114}.Release|Any CPU.Build.0 = Release|Any CPU
	EndGlobalSection
	GlobalSection(SolutionProperties) = preSolution
		HideSolutionNode = FALSE
	EndGlobalSection
	GlobalSection(ExtensibilityGlobals) = postSolution
		SolutionGuid = {092C954F-8901-4252-8774-7D86CF524CCF}
	EndGlobalSection
EndGlobal
